# This file was autogenerated by Stack.
# You should not edit this file by hand.
# For more information, please see the documentation at:
#   https://docs.haskellstack.org/en/stable/lock_files

packages:
- completed:
    hackage: servant-elm-0.7.2@sha256:27e45a456ad56ba59502549a59ce66f7229a17bbce72c413cbf8615ed074d754,4579
    pantry-tree:
      size: 2081
      sha256: 4b10f1da950fea1a0bcaf74a9e68dc0a1c0136e8c09a136b9c3f6c89e09ad21a
  original:
    hackage: servant-elm-0.7.2
- completed:
    hackage: elm-bridge-0.6.0@sha256:7eddd8f82a7765bbc65f5146ad3a4e00eb63ec9380ce3511d6c87144d1726bf1,2458
    pantry-tree:
      size: 1146
      sha256: 82357b8e8e3f22583128bef0e2687fbb9aaaafdd19a803941ced3e4fb7747c48
  original:
    hackage: elm-bridge-0.6.0
- completed:
    hackage: wai-make-assets-0.2@sha256:c27822194ab5f203edbc51270c8e796af4e5172023ffde68ff479e715bde75c1,2028
    pantry-tree:
      size: 417
      sha256: b4ef29fd6ea685aae13276ee96ead1339a5eb3e739f2794a3ff4421e80cfaa60
  original:
    hackage: wai-make-assets-0.2
snapshots:
- completed:
    size: 586041
    url: https://raw.githubusercontent.com/commercialhaskell/stackage-snapshots/master/lts/18/12.yaml
    sha256: 80fc6391195ff00c36f2a605ecbb07de909bfaa2eaa9722a27e486a6ecf8ecb0
  original: lts-18.12
