# This file was autogenerated by Stack.
# You should not edit this file by hand.
# For more information, please see the documentation at:
#   https://docs.haskellstack.org/en/stable/lock_files

packages:
- completed:
    hackage: servant-elm-0.6.0.2@sha256:ba836f5fdad315d8fec83380a8aabea6fc1a90f9f0681fe79e49d5e9bfa1e5e1,4540
    pantry-tree:
      size: 1938
      sha256: 8e6e7d4cafb2a968b934e367642e1661989ea561ad205c8eb75d1df3b6525598
  original:
    hackage: servant-elm-0.6.0.2
- completed:
    hackage: elm-bridge-0.5.2@sha256:2da339de8910acd174cfeffa758ffa2e069d01f58938b5797fd2528a1906d0a6,2458
    pantry-tree:
      size: 1146
      sha256: ab5ff8d2b1e38dc184b06182284e8367f07d46bda3f552daaca78e88a39a111f
  original:
    hackage: elm-bridge-0.5.2
- completed:
    hackage: wai-make-assets-0.2@sha256:c27822194ab5f203edbc51270c8e796af4e5172023ffde68ff479e715bde75c1,2028
    pantry-tree:
      size: 417
      sha256: b4ef29fd6ea685aae13276ee96ead1339a5eb3e739f2794a3ff4421e80cfaa60
  original:
    hackage: wai-make-assets-0.2
snapshots:
- completed:
    size: 498402
    url: https://raw.githubusercontent.com/commercialhaskell/stackage-snapshots/master/lts/13/24.yaml
    sha256: 33e96adfe24f112b62f6edd22565cdbaa13155703bbfbfdc3d0a9bc6138ae7bf
  original: lts-13.24
