# This file was autogenerated by Stack.
# You should not edit this file by hand.
# For more information, please see the documentation at:
#   https://docs.haskellstack.org/en/stable/lock_files

packages:
- completed:
    hackage: servant-elm-0.6.0.2@sha256:ba836f5fdad315d8fec83380a8aabea6fc1a90f9f0681fe79e49d5e9bfa1e5e1,4540
    pantry-tree:
      size: 1938
      sha256: 8e6e7d4cafb2a968b934e367642e1661989ea561ad205c8eb75d1df3b6525598
  original:
    hackage: servant-elm-0.6.0.2
- completed:
    hackage: elm-bridge-0.5.1@sha256:e38bfb9dcd1e2cd119a280072f2f99ed718120c21f37f102b8318156645f06da,2421
    pantry-tree:
      size: 1084
      sha256: cd4fd21b75bfd977b30e73249d8edd5cc21a8b7fd0dd0c7f364987e0221d626d
  original:
    hackage: elm-bridge-0.5.1
- completed:
    hackage: wai-make-assets-0.2@sha256:c27822194ab5f203edbc51270c8e796af4e5172023ffde68ff479e715bde75c1,2028
    pantry-tree:
      size: 417
      sha256: b4ef29fd6ea685aae13276ee96ead1339a5eb3e739f2794a3ff4421e80cfaa60
  original:
    hackage: wai-make-assets-0.2
snapshots:
- completed:
    size: 498402
    url: https://raw.githubusercontent.com/commercialhaskell/stackage-snapshots/master/lts/13/24.yaml
    sha256: 33e96adfe24f112b62f6edd22565cdbaa13155703bbfbfdc3d0a9bc6138ae7bf
  original: lts-13.24
